# hyperagent-rootwrap command filters for network nodes
# This file should be owned by (and only-writeable by) the root user

[Filters]
ip: CommandFilter, ip, root
ovs-vsctl: CommandFilter, ovs-vsctl, root
ovs-ofctl: CommandFilter, ovs-ofctl, root
brctl: CommandFilter, brctl, root
sysctl: CommandFilter, sysctl, root
cat: CommandFilter, cat, root
arp: CommandFilter, arp, root

